
Microsoft Visual Studio Solution File, Format Version 12.00
# Visual Studio Version 17
VisualStudioVersion = 17.5.002.0
MinimumVisualStudioVersion = 10.0.40219.1
Project("{2150E333-8FDC-42A3-9474-1A3956D46DE8}") = "csharp-prep", "csharp-prep", "{96F42E96-ACA3-4235-8AB7-FA53F9BCBBB3}"
EndProject
Project("{9A19103F-16F7-4668-BE54-9A1E7A4F7556}") = "Prep1", "csharp-prep\Prep1\Prep1.csproj", "{C6A3FA2C-71C0-4745-B0C7-11A1BDD99033}"
EndProject
Project("{9A19103F-16F7-4668-BE54-9A1E7A4F7556}") = "Prep2", "csharp-prep\Prep2\Prep2.csproj", "{B3EBE3CD-D1F6-4E07-ABAA-E9D10D913542}"
EndProject
Project("{9A19103F-16F7-4668-BE54-9A1E7A4F7556}") = "Prep3", "csharp-prep\Prep3\Prep3.csproj", "{B97E7316-00C0-4953-9FD2-3E08D8FF6CBF}"
EndProject
Project("{9A19103F-16F7-4668-BE54-9A1E7A4F7556}") = "Prep4", "csharp-prep\Prep4\Prep4.csproj", "{171A1567-FE9E-408F-9ADE-70669B57B968}"
EndProject
Project("{9A19103F-16F7-4668-BE54-9A1E7A4F7556}") = "Prep5", "csharp-prep\Prep5\Prep5.csproj", "{3D61D482-CEC5-4298-9D6A-5E3E2A66CE35}"
EndProject
Project("{2150E333-8FDC-42A3-9474-1A3956D46DE8}") = "final", "final", "{3DCFED33-62D8-4E64-A325-4BA89BF902D1}"
EndProject
Project("{9A19103F-16F7-4668-BE54-9A1E7A4F7556}") = "FinalProject", "final\FinalProject\FinalProject.csproj", "{1D5CB87A-2A7B-4FFD-9098-4C38472458BE}"
EndProject
Project("{9A19103F-16F7-4668-BE54-9A1E7A4F7556}") = "Foundation1", "final\Foundation1\Foundation1.csproj", "{28618FDB-D16F-4219-8D83-A8E230AD97B0}"
EndProject
Project("{9A19103F-16F7-4668-BE54-9A1E7A4F7556}") = "Foundation2", "final\Foundation2\Foundation2.csproj", "{A2C9C771-81F6-420D-90D8-C239F5E132EA}"
EndProject
Project("{9A19103F-16F7-4668-BE54-9A1E7A4F7556}") = "Foundation3", "final\Foundation3\Foundation3.csproj", "{0585349C-BC5E-425C-81B3-E8D0142E4B58}"
EndProject
Project("{9A19103F-16F7-4668-BE54-9A1E7A4F7556}") = "Foundation4", "final\Foundation4\Foundation4.csproj", "{63220C5B-7049-4BA9-87BE-A472F24A7E08}"
EndProject
Project("{2150E333-8FDC-42A3-9474-1A3956D46DE8}") = "prepare", "prepare", "{787EB7C6-1206-4DA7-9A2E-16926A928337}"
EndProject
Project("{9A19103F-16F7-4668-BE54-9A1E7A4F7556}") = "Learning02", "prepare\Learning02\Learning02.csproj", "{71E03D34-FBE5-41B1-832A-9956B8ECFF32}"
EndProject
Project("{9A19103F-16F7-4668-BE54-9A1E7A4F7556}") = "Learning03", "prepare\Learning03\Learning03.csproj", "{5F07E1D3-5C75-41EC-B17B-38DE2D03EEF8}"
EndProject
Project("{9A19103F-16F7-4668-BE54-9A1E7A4F7556}") = "Learning04", "prepare\Learning04\Learning04.csproj", "{4CDE16E4-D588-426F-BE21-7D9AB4C6CA1A}"
EndProject
Project("{9A19103F-16F7-4668-BE54-9A1E7A4F7556}") = "Learning05", "prepare\Learning05\Learning05.csproj", "{6D794E39-ADBD-49D6-A97B-A0231460AFE5}"
EndProject
Project("{2150E333-8FDC-42A3-9474-1A3956D46DE8}") = "prove", "prove", "{69FA95A1-3571-4EFE-A050-BD52ED2B1905}"
EndProject
Project("{9A19103F-16F7-4668-BE54-9A1E7A4F7556}") = "Develop02", "prove\Develop02\Develop02.csproj", "{D458B4BC-B628-4AD1-9082-A9B561DAB5C3}"
EndProject
Project("{9A19103F-16F7-4668-BE54-9A1E7A4F7556}") = "Develop03", "prove\Develop03\Develop03.csproj", "{2226E6F3-60E4-4E93-99F0-E0EEB6D3742D}"
EndProject
Project("{9A19103F-16F7-4668-BE54-9A1E7A4F7556}") = "Develop04", "prove\Develop04\Develop04.csproj", "{8C2712BF-AF66-4AFC-AC78-2DBD9A47965B}"
EndProject
Project("{9A19103F-16F7-4668-BE54-9A1E7A4F7556}") = "Develop05", "prove\Develop05\Develop05.csproj", "{0EAA6C93-90CA-4116-8FA5-5AB65E54F0BC}"
EndProject
Project("{2150E333-8FDC-42A3-9474-1A3956D46DE8}") = "sandbox", "sandbox", "{D90AEDD5-5CB8-455E-A26B-B497818EC550}"
EndProject
Project("{9A19103F-16F7-4668-BE54-9A1E7A4F7556}") = "Sandbox", "sandbox\Sandbox\Sandbox.csproj", "{336FA3B6-714A-4FC2-92DF-F92E765F7CA5}"
EndProject
Global
	GlobalSection(SolutionConfigurationPlatforms) = preSolution
		Debug|Any CPU = Debug|Any CPU
		Release|Any CPU = Release|Any CPU
	EndGlobalSection
	GlobalSection(ProjectConfigurationPlatforms) = postSolution
		{C6A3FA2C-71C0-4745-B0C7-11A1BDD99033}.Debug|Any CPU.ActiveCfg = Debug|Any CPU
		{C6A3FA2C-71C0-4745-B0C7-11A1BDD99033}.Debug|Any CPU.Build.0 = Debug|Any CPU
		{C6A3FA2C-71C0-4745-B0C7-11A1BDD99033}.Release|Any CPU.ActiveCfg = Release|Any CPU
		{C6A3FA2C-71C0-4745-B0C7-11A1BDD99033}.Release|Any CPU.Build.0 = Release|Any CPU
		{B3EBE3CD-D1F6-4E07-ABAA-E9D10D913542}.Debug|Any CPU.ActiveCfg = Debug|Any CPU
		{B3EBE3CD-D1F6-4E07-ABAA-E9D10D913542}.Debug|Any CPU.Build.0 = Debug|Any CPU
		{B3EBE3CD-D1F6-4E07-ABAA-E9D10D913542}.Release|Any CPU.ActiveCfg = Release|Any CPU
		{B3EBE3CD-D1F6-4E07-ABAA-E9D10D913542}.Release|Any CPU.Build.0 = Release|Any CPU
		{B97E7316-00C0-4953-9FD2-3E08D8FF6CBF}.Debug|Any CPU.ActiveCfg = Debug|Any CPU
		{B97E7316-00C0-4953-9FD2-3E08D8FF6CBF}.Debug|Any CPU.Build.0 = Debug|Any CPU
		{B97E7316-00C0-4953-9FD2-3E08D8FF6CBF}.Release|Any CPU.ActiveCfg = Release|Any CPU
		{B97E7316-00C0-4953-9FD2-3E08D8FF6CBF}.Release|Any CPU.Build.0 = Release|Any CPU
		{171A1567-FE9E-408F-9ADE-70669B57B968}.Debug|Any CPU.ActiveCfg = Debug|Any CPU
		{171A1567-FE9E-408F-9ADE-70669B57B968}.Debug|Any CPU.Build.0 = Debug|Any CPU
		{171A1567-FE9E-408F-9ADE-70669B57B968}.Release|Any CPU.ActiveCfg = Release|Any CPU
		{171A1567-FE9E-408F-9ADE-70669B57B968}.Release|Any CPU.Build.0 = Release|Any CPU
		{3D61D482-CEC5-4298-9D6A-5E3E2A66CE35}.Debug|Any CPU.ActiveCfg = Debug|Any CPU
		{3D61D482-CEC5-4298-9D6A-5E3E2A66CE35}.Debug|Any CPU.Build.0 = Debug|Any CPU
		{3D61D482-CEC5-4298-9D6A-5E3E2A66CE35}.Release|Any CPU.ActiveCfg = Release|Any CPU
		{3D61D482-CEC5-4298-9D6A-5E3E2A66CE35}.Release|Any CPU.Build.0 = Release|Any CPU
		{1D5CB87A-2A7B-4FFD-9098-4C38472458BE}.Debug|Any CPU.ActiveCfg = Debug|Any CPU
		{1D5CB87A-2A7B-4FFD-9098-4C38472458BE}.Debug|Any CPU.Build.0 = Debug|Any CPU
		{1D5CB87A-2A7B-4FFD-9098-4C38472458BE}.Release|Any CPU.ActiveCfg = Release|Any CPU
		{1D5CB87A-2A7B-4FFD-9098-4C38472458BE}.Release|Any CPU.Build.0 = Release|Any CPU
		{28618FDB-D16F-4219-8D83-A8E230AD97B0}.Debug|Any CPU.ActiveCfg = Debug|Any CPU
		{28618FDB-D16F-4219-8D83-A8E230AD97B0}.Debug|Any CPU.Build.0 = Debug|Any CPU
		{28618FDB-D16F-4219-8D83-A8E230AD97B0}.Release|Any CPU.ActiveCfg = Release|Any CPU
		{28618FDB-D16F-4219-8D83-A8E230AD97B0}.Release|Any CPU.Build.0 = Release|Any CPU
		{A2C9C771-81F6-420D-90D8-C239F5E132EA}.Debug|Any CPU.ActiveCfg = Debug|Any CPU
		{A2C9C771-81F6-420D-90D8-C239F5E132EA}.Debug|Any CPU.Build.0 = Debug|Any CPU
		{A2C9C771-81F6-420D-90D8-C239F5E132EA}.Release|Any CPU.ActiveCfg = Release|Any CPU
		{A2C9C771-81F6-420D-90D8-C239F5E132EA}.Release|Any CPU.Build.0 = Release|Any CPU
		{0585349C-BC5E-425C-81B3-E8D0142E4B58}.Debug|Any CPU.ActiveCfg = Debug|Any CPU
		{0585349C-BC5E-425C-81B3-E8D0142E4B58}.Debug|Any CPU.Build.0 = Debug|Any CPU
		{0585349C-BC5E-425C-81B3-E8D0142E4B58}.Release|Any CPU.ActiveCfg = Release|Any CPU
		{0585349C-BC5E-425C-81B3-E8D0142E4B58}.Release|Any CPU.Build.0 = Release|Any CPU
		{63220C5B-7049-4BA9-87BE-A472F24A7E08}.Debug|Any CPU.ActiveCfg = Debug|Any CPU
		{63220C5B-7049-4BA9-87BE-A472F24A7E08}.Debug|Any CPU.Build.0 = Debug|Any CPU
		{63220C5B-7049-4BA9-87BE-A472F24A7E08}.Release|Any CPU.ActiveCfg = Release|Any CPU
		{63220C5B-7049-4BA9-87BE-A472F24A7E08}.Release|Any CPU.Build.0 = Release|Any CPU
		{71E03D34-FBE5-41B1-832A-9956B8ECFF32}.Debug|Any CPU.ActiveCfg = Debug|Any CPU
		{71E03D34-FBE5-41B1-832A-9956B8ECFF32}.Debug|Any CPU.Build.0 = Debug|Any CPU
		{71E03D34-FBE5-41B1-832A-9956B8ECFF32}.Release|Any CPU.ActiveCfg = Release|Any CPU
		{71E03D34-FBE5-41B1-832A-9956B8ECFF32}.Release|Any CPU.Build.0 = Release|Any CPU
		{5F07E1D3-5C75-41EC-B17B-38DE2D03EEF8}.Debug|Any CPU.ActiveCfg = Debug|Any CPU
		{5F07E1D3-5C75-41EC-B17B-38DE2D03EEF8}.Debug|Any CPU.Build.0 = Debug|Any CPU
		{5F07E1D3-5C75-41EC-B17B-38DE2D03EEF8}.Release|Any CPU.ActiveCfg = Release|Any CPU
		{5F07E1D3-5C75-41EC-B17B-38DE2D03EEF8}.Release|Any CPU.Build.0 = Release|Any CPU
		{4CDE16E4-D588-426F-BE21-7D9AB4C6CA1A}.Debug|Any CPU.ActiveCfg = Debug|Any CPU
		{4CDE16E4-D588-426F-BE21-7D9AB4C6CA1A}.Debug|Any CPU.Build.0 = Debug|Any CPU
		{4CDE16E4-D588-426F-BE21-7D9AB4C6CA1A}.Release|Any CPU.ActiveCfg = Release|Any CPU
		{4CDE16E4-D588-426F-BE21-7D9AB4C6CA1A}.Release|Any CPU.Build.0 = Release|Any CPU
		{6D794E39-ADBD-49D6-A97B-A0231460AFE5}.Debug|Any CPU.ActiveCfg = Debug|Any CPU
		{6D794E39-ADBD-49D6-A97B-A0231460AFE5}.Debug|Any CPU.Build.0 = Debug|Any CPU
		{6D794E39-ADBD-49D6-A97B-A0231460AFE5}.Release|Any CPU.ActiveCfg = Release|Any CPU
		{6D794E39-ADBD-49D6-A97B-A0231460AFE5}.Release|Any CPU.Build.0 = Release|Any CPU
		{D458B4BC-B628-4AD1-9082-A9B561DAB5C3}.Debug|Any CPU.ActiveCfg = Debug|Any CPU
		{D458B4BC-B628-4AD1-9082-A9B561DAB5C3}.Debug|Any CPU.Build.0 = Debug|Any CPU
		{D458B4BC-B628-4AD1-9082-A9B561DAB5C3}.Release|Any CPU.ActiveCfg = Release|Any CPU
		{D458B4BC-B628-4AD1-9082-A9B561DAB5C3}.Release|Any CPU.Build.0 = Release|Any CPU
		{2226E6F3-60E4-4E93-99F0-E0EEB6D3742D}.Debug|Any CPU.ActiveCfg = Debug|Any CPU
		{2226E6F3-60E4-4E93-99F0-E0EEB6D3742D}.Debug|Any CPU.Build.0 = Debug|Any CPU
		{2226E6F3-60E4-4E93-99F0-E0EEB6D3742D}.Release|Any CPU.ActiveCfg = Release|Any CPU
		{2226E6F3-60E4-4E93-99F0-E0EEB6D3742D}.Release|Any CPU.Build.0 = Release|Any CPU
		{8C2712BF-AF66-4AFC-AC78-2DBD9A47965B}.Debug|Any CPU.ActiveCfg = Debug|Any CPU
		{8C2712BF-AF66-4AFC-AC78-2DBD9A47965B}.Debug|Any CPU.Build.0 = Debug|Any CPU
		{8C2712BF-AF66-4AFC-AC78-2DBD9A47965B}.Release|Any CPU.ActiveCfg = Release|Any CPU
		{8C2712BF-AF66-4AFC-AC78-2DBD9A47965B}.Release|Any CPU.Build.0 = Release|Any CPU
		{0EAA6C93-90CA-4116-8FA5-5AB65E54F0BC}.Debug|Any CPU.ActiveCfg = Debug|Any CPU
		{0EAA6C93-90CA-4116-8FA5-5AB65E54F0BC}.Debug|Any CPU.Build.0 = Debug|Any CPU
		{0EAA6C93-90CA-4116-8FA5-5AB65E54F0BC}.Release|Any CPU.ActiveCfg = Release|Any CPU
		{0EAA6C93-90CA-4116-8FA5-5AB65E54F0BC}.Release|Any CPU.Build.0 = Release|Any CPU
		{336FA3B6-714A-4FC2-92DF-F92E765F7CA5}.Debug|Any CPU.ActiveCfg = Debug|Any CPU
		{336FA3B6-714A-4FC2-92DF-F92E765F7CA5}.Debug|Any CPU.Build.0 = Debug|Any CPU
		{336FA3B6-714A-4FC2-92DF-F92E765F7CA5}.Release|Any CPU.ActiveCfg = Release|Any CPU
		{336FA3B6-714A-4FC2-92DF-F92E765F7CA5}.Release|Any CPU.Build.0 = Release|Any CPU
	EndGlobalSection
	GlobalSection(SolutionProperties) = preSolution
		HideSolutionNode = FALSE
	EndGlobalSection
	GlobalSection(NestedProjects) = preSolution
		{C6A3FA2C-71C0-4745-B0C7-11A1BDD99033} = {96F42E96-ACA3-4235-8AB7-FA53F9BCBBB3}
		{B3EBE3CD-D1F6-4E07-ABAA-E9D10D913542} = {96F42E96-ACA3-4235-8AB7-FA53F9BCBBB3}
		{B97E7316-00C0-4953-9FD2-3E08D8FF6CBF} = {96F42E96-ACA3-4235-8AB7-FA53F9BCBBB3}
		{171A1567-FE9E-408F-9ADE-70669B57B968} = {96F42E96-ACA3-4235-8AB7-FA53F9BCBBB3}
		{3D61D482-CEC5-4298-9D6A-5E3E2A66CE35} = {96F42E96-ACA3-4235-8AB7-FA53F9BCBBB3}
		{1D5CB87A-2A7B-4FFD-9098-4C38472458BE} = {3DCFED33-62D8-4E64-A325-4BA89BF902D1}
		{28618FDB-D16F-4219-8D83-A8E230AD97B0} = {3DCFED33-62D8-4E64-A325-4BA89BF902D1}
		{A2C9C771-81F6-420D-90D8-C239F5E132EA} = {3DCFED33-62D8-4E64-A325-4BA89BF902D1}
		{0585349C-BC5E-425C-81B3-E8D0142E4B58} = {3DCFED33-62D8-4E64-A325-4BA89BF902D1}
		{63220C5B-7049-4BA9-87BE-A472F24A7E08} = {3DCFED33-62D8-4E64-A325-4BA89BF902D1}
		{71E03D34-FBE5-41B1-832A-9956B8ECFF32} = {787EB7C6-1206-4DA7-9A2E-16926A928337}
		{5F07E1D3-5C75-41EC-B17B-38DE2D03EEF8} = {787EB7C6-1206-4DA7-9A2E-16926A928337}
		{4CDE16E4-D588-426F-BE21-7D9AB4C6CA1A} = {787EB7C6-1206-4DA7-9A2E-16926A928337}
		{6D794E39-ADBD-49D6-A97B-A0231460AFE5} = {787EB7C6-1206-4DA7-9A2E-16926A928337}
		{D458B4BC-B628-4AD1-9082-A9B561DAB5C3} = {69FA95A1-3571-4EFE-A050-BD52ED2B1905}
		{2226E6F3-60E4-4E93-99F0-E0EEB6D3742D} = {69FA95A1-3571-4EFE-A050-BD52ED2B1905}
		{8C2712BF-AF66-4AFC-AC78-2DBD9A47965B} = {69FA95A1-3571-4EFE-A050-BD52ED2B1905}
		{0EAA6C93-90CA-4116-8FA5-5AB65E54F0BC} = {69FA95A1-3571-4EFE-A050-BD52ED2B1905}
		{336FA3B6-714A-4FC2-92DF-F92E765F7CA5} = {D90AEDD5-5CB8-455E-A26B-B497818EC550}
	EndGlobalSection
	GlobalSection(ExtensibilityGlobals) = postSolution
		SolutionGuid = {B47B7A3F-6CBC-4650-94A0-319E61B3C3FF}
	EndGlobalSection
EndGlobal
